
Microsoft Visual Studio Solution File, Format Version 12.00
# Visual Studio Version 17
VisualStudioVersion = 17.4.33213.308
MinimumVisualStudioVersion = 10.0.40219.1
Project("{FAE04EC0-301F-11D3-BF4B-00C04F79EFBC}") = "Logistics.API", "Logistics.API\Logistics.API.csproj", "{9F760CE3-7A11-4D2A-9DB6-E41D10A61406}"
EndProject
Project("{FAE04EC0-301F-11D3-BF4B-00C04F79EFBC}") = "Logistics.Business", "Logistics.Business\Logistics.Business.csproj", "{ABCE4DA1-F2E0-41EF-9F5E-E3114FC47560}"
EndProject
Project("{FAE04EC0-301F-11D3-BF4B-00C04F79EFBC}") = "Logistics.DataAccess", "Logistics.DataAccess\Logistics.DataAccess.csproj", "{99CAA8A4-438C-4F32-9479-DE114BC94AA5}"
EndProject
Project("{FAE04EC0-301F-11D3-BF4B-00C04F79EFBC}") = "Logistics.Core", "Logistics.Core\Logistics.Core.csproj", "{596268C0-3081-46B6-87CE-88C177522B4A}"
EndProject
Project("{FAE04EC0-301F-11D3-BF4B-00C04F79EFBC}") = "Logistics.Entity", "Logistics.Entity\Logistics.Entity.csproj", "{C23669AF-E269-4ECA-B750-2E2CF0AED1CC}"
EndProject
Global
	GlobalSection(SolutionConfigurationPlatforms) = preSolution
		Debug|Any CPU = Debug|Any CPU
		Release|Any CPU = Release|Any CPU
	EndGlobalSection
	GlobalSection(ProjectConfigurationPlatforms) = postSolution
		{9F760CE3-7A11-4D2A-9DB6-E41D10A61406}.Debug|Any CPU.ActiveCfg = Debug|Any CPU
		{9F760CE3-7A11-4D2A-9DB6-E41D10A61406}.Debug|Any CPU.Build.0 = Debug|Any CPU
		{9F760CE3-7A11-4D2A-9DB6-E41D10A61406}.Release|Any CPU.ActiveCfg = Release|Any CPU
		{9F760CE3-7A11-4D2A-9DB6-E41D10A61406}.Release|Any CPU.Build.0 = Release|Any CPU
		{ABCE4DA1-F2E0-41EF-9F5E-E3114FC47560}.Debug|Any CPU.ActiveCfg = Debug|Any CPU
		{ABCE4DA1-F2E0-41EF-9F5E-E3114FC47560}.Debug|Any CPU.Build.0 = Debug|Any CPU
		{ABCE4DA1-F2E0-41EF-9F5E-E3114FC47560}.Release|Any CPU.ActiveCfg = Release|Any CPU
		{ABCE4DA1-F2E0-41EF-9F5E-E3114FC47560}.Release|Any CPU.Build.0 = Release|Any CPU
		{99CAA8A4-438C-4F32-9479-DE114BC94AA5}.Debug|Any CPU.ActiveCfg = Debug|Any CPU
		{99CAA8A4-438C-4F32-9479-DE114BC94AA5}.Debug|Any CPU.Build.0 = Debug|Any CPU
		{99CAA8A4-438C-4F32-9479-DE114BC94AA5}.Release|Any CPU.ActiveCfg = Release|Any CPU
		{99CAA8A4-438C-4F32-9479-DE114BC94AA5}.Release|Any CPU.Build.0 = Release|Any CPU
		{596268C0-3081-46B6-87CE-88C177522B4A}.Debug|Any CPU.ActiveCfg = Debug|Any CPU
		{596268C0-3081-46B6-87CE-88C177522B4A}.Debug|Any CPU.Build.0 = Debug|Any CPU
		{596268C0-3081-46B6-87CE-88C177522B4A}.Release|Any CPU.ActiveCfg = Release|Any CPU
		{596268C0-3081-46B6-87CE-88C177522B4A}.Release|Any CPU.Build.0 = Release|Any CPU
		{C23669AF-E269-4ECA-B750-2E2CF0AED1CC}.Debug|Any CPU.ActiveCfg = Debug|Any CPU
		{C23669AF-E269-4ECA-B750-2E2CF0AED1CC}.Debug|Any CPU.Build.0 = Debug|Any CPU
		{C23669AF-E269-4ECA-B750-2E2CF0AED1CC}.Release|Any CPU.ActiveCfg = Release|Any CPU
		{C23669AF-E269-4ECA-B750-2E2CF0AED1CC}.Release|Any CPU.Build.0 = Release|Any CPU
	EndGlobalSection
	GlobalSection(SolutionProperties) = preSolution
		HideSolutionNode = FALSE
	EndGlobalSection
	GlobalSection(ExtensibilityGlobals) = postSolution
		SolutionGuid = {26DCF48F-B145-43F2-8EF7-160B5A199FD6}
	EndGlobalSection
EndGlobal
